// !$*UTF8*$!
{
	archiveVersion = 1;
	classes = {
	};
	objectVersion = 55;
	objects = {

/* Begin PBXBuildFile section */
		15CCB093299A813000951741 /* AppDelegate.swift in Sources */ = {isa = PBXBuildFile; fileRef = 15CCB092299A813000951741 /* AppDelegate.swift */; };
		15CCB095299A813000951741 /* SceneDelegate.swift in Sources */ = {isa = PBXBuildFile; fileRef = 15CCB094299A813000951741 /* SceneDelegate.swift */; };
		15CCB097299A813000951741 /* ViewController.swift in Sources */ = {isa = PBXBuildFile; fileRef = 15CCB096299A813000951741 /* ViewController.swift */; };
		15CCB09A299A813000951741 /* Main.storyboard in Resources */ = {isa = PBXBuildFile; fileRef = 15CCB098299A813000951741 /* Main.storyboard */; };
		15CCB09C299A813200951741 /* Assets.xcassets in Resources */ = {isa = PBXBuildFile; fileRef = 15CCB09B299A813200951741 /* Assets.xcassets */; };
		15CCB09F299A813200951741 /* LaunchScreen.storyboard in Resources */ = {isa = PBXBuildFile; fileRef = 15CCB09D299A813200951741 /* LaunchScreen.storyboard */; };
		15CCB0A7299A934300951741 /* myCollectionViewCell.swift in Sources */ = {isa = PBXBuildFile; fileRef = 15CCB0A6299A934300951741 /* myCollectionViewCell.swift */; };
		15CCB0A9299A943B00951741 /* DogData.swift in Sources */ = {isa = PBXBuildFile; fileRef = 15CCB0A8299A943B00951741 /* DogData.swift */; };
		81D0BB7BECB5125ECBBAF6AF /* Pods_sdCollectionWebImage.framework in Frameworks */ = {isa = PBXBuildFile; fileRef = BCD9303A94468194D3DDECB3 /* Pods_sdCollectionWebImage.framework */; };
/* End PBXBuildFile section */

/* Begin PBXFileReference section */
		15CCB08F299A813000951741 /* sdCollectionWebImage.app */ = {isa = PBXFileReference; explicitFileType = wrapper.application; includeInIndex = 0; path = sdCollectionWebImage.app; sourceTree = BUILT_PRODUCTS_DIR; };
		15CCB092299A813000951741 /* AppDelegate.swift */ = {isa = PBXFileReference; lastKnownFileType = sourcecode.swift; path = AppDelegate.swift; sourceTree = "<group>"; };
		15CCB094299A813000951741 /* SceneDelegate.swift */ = {isa = PBXFileReference; lastKnownFileType = sourcecode.swift; path = SceneDelegate.swift; sourceTree = "<group>"; };
		15CCB096299A813000951741 /* ViewController.swift */ = {isa = PBXFileReference; lastKnownFileType = sourcecode.swift; path = ViewController.swift; sourceTree = "<group>"; };
		15CCB099299A813000951741 /* Base */ = {isa = PBXFileReference; lastKnownFileType = file.storyboard; name = Base; path = Base.lproj/Main.storyboard; sourceTree = "<group>"; };
		15CCB09B299A813200951741 /* Assets.xcassets */ = {isa = PBXFileReference; lastKnownFileType = folder.assetcatalog; path = Assets.xcassets; sourceTree = "<group>"; };
		15CCB09E299A813200951741 /* Base */ = {isa = PBXFileReference; lastKnownFileType = file.storyboard; name = Base; path = Base.lproj/LaunchScreen.storyboard; sourceTree = "<group>"; };
		15CCB0A0299A813200951741 /* Info.plist */ = {isa = PBXFileReference; lastKnownFileType = text.plist.xml; path = Info.plist; sourceTree = "<group>"; };
		15CCB0A6299A934300951741 /* myCollectionViewCell.swift */ = {isa = PBXFileReference; lastKnownFileType = sourcecode.swift; path = myCollectionViewCell.swift; sourceTree = "<group>"; };
		15CCB0A8299A943B00951741 /* DogData.swift */ = {isa = PBXFileReference; lastKnownFileType = sourcecode.swift; path = DogData.swift; sourceTree = "<group>"; };
		4021D5DC55352C6181C9EE64 /* Pods-sdCollectionWebImage.release.xcconfig */ = {isa = PBXFileReference; includeInIndex = 1; lastKnownFileType = text.xcconfig; name = "Pods-sdCollectionWebImage.release.xcconfig"; path = "Target Support Files/Pods-sdCollectionWebImage/Pods-sdCollectionWebImage.release.xcconfig"; sourceTree = "<group>"; };
		7995537B951CB539501FEB9E /* Pods-sdCollectionWebImage.debug.xcconfig */ = {isa = PBXFileReference; includeInIndex = 1; lastKnownFileType = text.xcconfig; name = "Pods-sdCollectionWebImage.debug.xcconfig"; path = "Target Support Files/Pods-sdCollectionWebImage/Pods-sdCollectionWebImage.debug.xcconfig"; sourceTree = "<group>"; };
		BCD9303A94468194D3DDECB3 /* Pods_sdCollectionWebImage.framework */ = {isa = PBXFileReference; explicitFileType = wrapper.framework; includeInIndex = 0; path = Pods_sdCollectionWebImage.framework; sourceTree = BUILT_PRODUCTS_DIR; };
/* End PBXFileReference section */

/* Begin PBXFrameworksBuildPhase section */
		15CCB08C299A813000951741 /* Frameworks */ = {
			isa = PBXFrameworksBuildPhase;
			buildActionMask = 2147483647;
			files = (
				81D0BB7BECB5125ECBBAF6AF /* Pods_sdCollectionWebImage.framework in Frameworks */,
			);
			runOnlyForDeploymentPostprocessing = 0;
		};
/* End PBXFrameworksBuildPhase section */

/* Begin PBXGroup section */
		15CCB086299A813000951741 = {
			isa = PBXGroup;
			children = (
				15CCB091299A813000951741 /* sdCollectionWebImage */,
				15CCB090299A813000951741 /* Products */,
				6B5D3C720F53ACA12E1EB12A /* Pods */,
				F050D641EB6675BA570F1762 /* Frameworks */,
			);
			sourceTree = "<group>";
		};
		15CCB090299A813000951741 /* Products */ = {
			isa = PBXGroup;
			children = (
				15CCB08F299A813000951741 /* sdCollectionWebImage.app */,
			);
			name = Products;
			sourceTree = "<group>";
		};
		15CCB091299A813000951741 /* sdCollectionWebImage */ = {
			isa = PBXGroup;
			children = (
				15CCB092299A813000951741 /* AppDelegate.swift */,
				15CCB094299A813000951741 /* SceneDelegate.swift */,
				15CCB096299A813000951741 /* ViewController.swift */,
				15CCB098299A813000951741 /* Main.storyboard */,
				15CCB0A8299A943B00951741 /* DogData.swift */,
				15CCB0A6299A934300951741 /* myCollectionViewCell.swift */,
				15CCB09B299A813200951741 /* Assets.xcassets */,
				15CCB09D299A813200951741 /* LaunchScreen.storyboard */,
				15CCB0A0299A813200951741 /* Info.plist */,
			);
			path = sdCollectionWebImage;
			sourceTree = "<group>";
		};
		6B5D3C720F53ACA12E1EB12A /* Pods */ = {
			isa = PBXGroup;
			children = (
				7995537B951CB539501FEB9E /* Pods-sdCollectionWebImage.debug.xcconfig */,
				4021D5DC55352C6181C9EE64 /* Pods-sdCollectionWebImage.release.xcconfig */,
			);
			path = Pods;
			sourceTree = "<group>";
		};
		F050D641EB6675BA570F1762 /* Frameworks */ = {
			isa = PBXGroup;
			children = (
				BCD9303A94468194D3DDECB3 /* Pods_sdCollectionWebImage.framework */,
			);
			name = Frameworks;
			sourceTree = "<group>";
		};
/* End PBXGroup section */

/* Begin PBXNativeTarget section */
		15CCB08E299A813000951741 /* sdCollectionWebImage */ = {
			isa = PBXNativeTarget;
			buildConfigurationList = 15CCB0A3299A813200951741 /* Build configuration list for PBXNativeTarget "sdCollectionWebImage" */;
			buildPhases = (
				20F8BE4BA369617EF974F104 /* [CP] Check Pods Manifest.lock */,
				15CCB08B299A813000951741 /* Sources */,
				15CCB08C299A813000951741 /* Frameworks */,
				15CCB08D299A813000951741 /* Resources */,
				B8F521C9AD1906984649C585 /* [CP] Embed Pods Frameworks */,
			);
			buildRules = (
			);
			dependencies = (
			);
			name = sdCollectionWebImage;
			productName = sdCollectionWebImage;
			productReference = 15CCB08F299A813000951741 /* sdCollectionWebImage.app */;
			productType = "com.apple.product-type.application";
		};
/* End PBXNativeTarget section */

/* Begin PBXProject section */
		15CCB087299A813000951741 /* Project object */ = {
			isa = PBXProject;
			attributes = {
				BuildIndependentTargetsInParallel = 1;
				LastSwiftUpdateCheck = 1410;
				LastUpgradeCheck = 1410;
				TargetAttributes = {
					15CCB08E299A813000951741 = {
						CreatedOnToolsVersion = 14.1;
					};
				};
			};
			buildConfigurationList = 15CCB08A299A813000951741 /* Build configuration list for PBXProject "sdCollectionWebImage" */;
			compatibilityVersion = "Xcode 13.0";
			developmentRegion = en;
			hasScannedForEncodings = 0;
			knownRegions = (
				en,
				Base,
			);
			mainGroup = 15CCB086299A813000951741;
			productRefGroup = 15CCB090299A813000951741 /* Products */;
			projectDirPath = "";
			projectRoot = "";
			targets = (
				15CCB08E299A813000951741 /* sdCollectionWebImage */,
			);
		};
/* End PBXProject section */

/* Begin PBXResourcesBuildPhase section */
		15CCB08D299A813000951741 /* Resources */ = {
			isa = PBXResourcesBuildPhase;
			buildActionMask = 2147483647;
			files = (
				15CCB09F299A813200951741 /* LaunchScreen.storyboard in Resources */,
				15CCB09C299A813200951741 /* Assets.xcassets in Resources */,
				15CCB09A299A813000951741 /* Main.storyboard in Resources */,
			);
			runOnlyForDeploymentPostprocessing = 0;
		};
/* End PBXResourcesBuildPhase section */

/* Begin PBXShellScriptBuildPhase section */
		20F8BE4BA369617EF974F104 /* [CP] Check Pods Manifest.lock */ = {
			isa = PBXShellScriptBuildPhase;
			buildActionMask = 2147483647;
			files = (
			);
			inputFileListPaths = (
			);
			inputPaths = (
				"${PODS_PODFILE_DIR_PATH}/Podfile.lock",
				"${PODS_ROOT}/Manifest.lock",
			);
			name = "[CP] Check Pods Manifest.lock";
			outputFileListPaths = (
			);
			outputPaths = (
				"$(DERIVED_FILE_DIR)/Pods-sdCollectionWebImage-checkManifestLockResult.txt",
			);
			runOnlyForDeploymentPostprocessing = 0;
			shellPath = /bin/sh;
			shellScript = "diff \"${PODS_PODFILE_DIR_PATH}/Podfile.lock\" \"${PODS_ROOT}/Manifest.lock\" > /dev/null\nif [ $? != 0 ] ; then\n    # print error to STDERR\n    echo \"error: The sandbox is not in sync with the Podfile.lock. Run 'pod install' or update your CocoaPods installation.\" >&2\n    exit 1\nfi\n# This output is used by Xcode 'outputs' to avoid re-running this script phase.\necho \"SUCCESS\" > \"${SCRIPT_OUTPUT_FILE_0}\"\n";
			showEnvVarsInLog = 0;
		};
		B8F521C9AD1906984649C585 /* [CP] Embed Pods Frameworks */ = {
			isa = PBXShellScriptBuildPhase;
			buildActionMask = 2147483647;
			files = (
			);
			inputFileListPaths = (
				"${PODS_ROOT}/Target Support Files/Pods-sdCollectionWebImage/Pods-sdCollectionWebImage-frameworks-${CONFIGURATION}-input-files.xcfilelist",
			);
			name = "[CP] Embed Pods Frameworks";
			outputFileListPaths = (
				"${PODS_ROOT}/Target Support Files/Pods-sdCollectionWebImage/Pods-sdCollectionWebImage-frameworks-${CONFIGURATION}-output-files.xcfilelist",
			);
			runOnlyForDeploymentPostprocessing = 0;
			shellPath = /bin/sh;
			shellScript = "\"${PODS_ROOT}/Target Support Files/Pods-sdCollectionWebImage/Pods-sdCollectionWebImage-frameworks.sh\"\n";
			showEnvVarsInLog = 0;
		};
/* End PBXShellScriptBuildPhase section */

/* Begin PBXSourcesBuildPhase section */
		15CCB08B299A813000951741 /* Sources */ = {
			isa = PBXSourcesBuildPhase;
			buildActionMask = 2147483647;
			files = (
				15CCB097299A813000951741 /* ViewController.swift in Sources */,
				15CCB093299A813000951741 /* AppDelegate.swift in Sources */,
				15CCB0A9299A943B00951741 /* DogData.swift in Sources */,
				15CCB0A7299A934300951741 /* myCollectionViewCell.swift in Sources */,
				15CCB095299A813000951741 /* SceneDelegate.swift in Sources */,
			);
			runOnlyForDeploymentPostprocessing = 0;
		};
/* End PBXSourcesBuildPhase section */

/* Begin PBXVariantGroup section */
		15CCB098299A813000951741 /* Main.storyboard */ = {
			isa = PBXVariantGroup;
			children = (
				15CCB099299A813000951741 /* Base */,
			);
			name = Main.storyboard;
			sourceTree = "<group>";
		};
		15CCB09D299A813200951741 /* LaunchScreen.storyboard */ = {
			isa = PBXVariantGroup;
			children = (
				15CCB09E299A813200951741 /* Base */,
			);
			name = LaunchScreen.storyboard;
			sourceTree = "<group>";
		};
/* End PBXVariantGroup section */

/* Begin XCBuildConfiguration section */
		15CCB0A1299A813200951741 /* Debug */ = {
			isa = XCBuildConfiguration;
			buildSettings = {
				ALWAYS_SEARCH_USER_PATHS = NO;
				CLANG_ANALYZER_NONNULL = YES;
				CLANG_ANALYZER_NUMBER_OBJECT_CONVERSION = YES_AGGRESSIVE;
				CLANG_CXX_LANGUAGE_STANDARD = "gnu++20";
				CLANG_ENABLE_MODULES = YES;
				CLANG_ENABLE_OBJC_ARC = YES;
				CLANG_ENABLE_OBJC_WEAK = YES;
				CLANG_WARN_BLOCK_CAPTURE_AUTORELEASING = YES;
				CLANG_WARN_BOOL_CONVERSION = YES;
				CLANG_WARN_COMMA = YES;
				CLANG_WARN_CONSTANT_CONVERSION = YES;
				CLANG_WARN_DEPRECATED_OBJC_IMPLEMENTATIONS = YES;
				CLANG_WARN_DIRECT_OBJC_ISA_USAGE = YES_ERROR;
				CLANG_WARN_DOCUMENTATION_COMMENTS = YES;
				CLANG_WARN_EMPTY_BODY = YES;
				CLANG_WARN_ENUM_CONVERSION = YES;
				CLANG_WARN_INFINITE_RECURSION = YES;
				CLANG_WARN_INT_CONVERSION = YES;
				CLANG_WARN_NON_LITERAL_NULL_CONVERSION = YES;
				CLANG_WARN_OBJC_IMPLICIT_RETAIN_SELF = YES;
				CLANG_WARN_OBJC_LITERAL_CONVERSION = YES;
				CLANG_WARN_OBJC_ROOT_CLASS = YES_ERROR;
				CLANG_WARN_QUOTED_INCLUDE_IN_FRAMEWORK_HEADER = YES;
				CLANG_WARN_RANGE_LOOP_ANALYSIS = YES;
				CLANG_WARN_STRICT_PROTOTYPES = YES;
				CLANG_WARN_SUSPICIOUS_MOVE = YES;
				CLANG_WARN_UNGUARDED_AVAILABILITY = YES_AGGRESSIVE;
				CLANG_WARN_UNREACHABLE_CODE = YES;
				CLANG_WARN__DUPLICATE_METHOD_MATCH = YES;
				COPY_PHASE_STRIP = NO;
				DEBUG_INFORMATION_FORMAT = dwarf;
				ENABLE_STRICT_OBJC_MSGSEND = YES;
				ENABLE_TESTABILITY = YES;
				GCC_C_LANGUAGE_STANDARD = gnu11;
				GCC_DYNAMIC_NO_PIC = NO;
				GCC_NO_COMMON_BLOCKS = YES;
				GCC_OPTIMIZATION_LEVEL = 0;
				GCC_PREPROCESSOR_DEFINITIONS = (
					"DEBUG=1",
					"$(inherited)",
				);
				GCC_WARN_64_TO_32_BIT_CONVERSION = YES;
				GCC_WARN_ABOUT_RETURN_TYPE = YES_ERROR;
				GCC_WARN_UNDECLARED_SELECTOR = YES;
				GCC_WARN_UNINITIALIZED_AUTOS = YES_AGGRESSIVE;
				GCC_WARN_UNUSED_FUNCTION = YES;
				GCC_WARN_UNUSED_VARIABLE = YES;
				IPHONEOS_DEPLOYMENT_TARGET = 16.1;
				MTL_ENABLE_DEBUG_INFO = INCLUDE_SOURCE;
				MTL_FAST_MATH = YES;
				ONLY_ACTIVE_ARCH = YES;
				SDKROOT = iphoneos;
				SWIFT_ACTIVE_COMPILATION_CONDITIONS = DEBUG;
				SWIFT_OPTIMIZATION_LEVEL = "-Onone";
			};
			name = Debug;
		};
		15CCB0A2299A813200951741 /* Release */ = {
			isa = XCBuildConfiguration;
			buildSettings = {
				ALWAYS_SEARCH_USER_PATHS = NO;
				CLANG_ANALYZER_NONNULL = YES;
				CLANG_ANALYZER_NUMBER_OBJECT_CONVERSION = YES_AGGRESSIVE;
				CLANG_CXX_LANGUAGE_STANDARD = "gnu++20";
				CLANG_ENABLE_MODULES = YES;
				CLANG_ENABLE_OBJC_ARC = YES;
				CLANG_ENABLE_OBJC_WEAK = YES;
				CLANG_WARN_BLOCK_CAPTURE_AUTORELEASING = YES;
				CLANG_WARN_BOOL_CONVERSION = YES;
				CLANG_WARN_COMMA = YES;
				CLANG_WARN_CONSTANT_CONVERSION = YES;
				CLANG_WARN_DEPRECATED_OBJC_IMPLEMENTATIONS = YES;
				CLANG_WARN_DIRECT_OBJC_ISA_USAGE = YES_ERROR;
				CLANG_WARN_DOCUMENTATION_COMMENTS = YES;
				CLANG_WARN_EMPTY_BODY = YES;
				CLANG_WARN_ENUM_CONVERSION = YES;
				CLANG_WARN_INFINITE_RECURSION = YES;
				CLANG_WARN_INT_CONVERSION = YES;
				CLANG_WARN_NON_LITERAL_NULL_CONVERSION = YES;
				CLANG_WARN_OBJC_IMPLICIT_RETAIN_SELF = YES;
				CLANG_WARN_OBJC_LITERAL_CONVERSION = YES;
				CLANG_WARN_OBJC_ROOT_CLASS = YES_ERROR;
				CLANG_WARN_QUOTED_INCLUDE_IN_FRAMEWORK_HEADER = YES;
				CLANG_WARN_RANGE_LOOP_ANALYSIS = YES;
				CLANG_WARN_STRICT_PROTOTYPES = YES;
				CLANG_WARN_SUSPICIOUS_MOVE = YES;
				CLANG_WARN_UNGUARDED_AVAILABILITY = YES_AGGRESSIVE;
				CLANG_WARN_UNREACHABLE_CODE = YES;
				CLANG_WARN__DUPLICATE_METHOD_MATCH = YES;
				COPY_PHASE_STRIP = NO;
				DEBUG_INFORMATION_FORMAT = "dwarf-with-dsym";
				ENABLE_NS_ASSERTIONS = NO;
				ENABLE_STRICT_OBJC_MSGSEND = YES;
				GCC_C_LANGUAGE_STANDARD = gnu11;
				GCC_NO_COMMON_BLOCKS = YES;
				GCC_WARN_64_TO_32_BIT_CONVERSION = YES;
				GCC_WARN_ABOUT_RETURN_TYPE = YES_ERROR;
				GCC_WARN_UNDECLARED_SELECTOR = YES;
				GCC_WARN_UNINITIALIZED_AUTOS = YES_AGGRESSIVE;
				GCC_WARN_UNUSED_FUNCTION = YES;
				GCC_WARN_UNUSED_VARIABLE = YES;
				IPHONEOS_DEPLOYMENT_TARGET = 16.1;
				MTL_ENABLE_DEBUG_INFO = NO;
				MTL_FAST_MATH = YES;
				SDKROOT = iphoneos;
				SWIFT_COMPILATION_MODE = wholemodule;
				SWIFT_OPTIMIZATION_LEVEL = "-O";
				VALIDATE_PRODUCT = YES;
			};
			name = Release;
		};
		15CCB0A4299A813200951741 /* Debug */ = {
			isa = XCBuildConfiguration;
			baseConfigurationReference = 7995537B951CB539501FEB9E /* Pods-sdCollectionWebImage.debug.xcconfig */;
			buildSettings = {
				ASSETCATALOG_COMPILER_APPICON_NAME = AppIcon;
				ASSETCATALOG_COMPILER_GLOBAL_ACCENT_COLOR_NAME = AccentColor;
				CODE_SIGN_STYLE = Automatic;
				CURRENT_PROJECT_VERSION = 1;
				DEVELOPMENT_TEAM = 37D4SXVKKL;
				GENERATE_INFOPLIST_FILE = YES;
				INFOPLIST_FILE = sdCollectionWebImage/Info.plist;
				INFOPLIST_KEY_UIApplicationSupportsIndirectInputEvents = YES;
				INFOPLIST_KEY_UILaunchStoryboardName = LaunchScreen;
				INFOPLIST_KEY_UIMainStoryboardFile = Main;
				INFOPLIST_KEY_UISupportedInterfaceOrientations_iPad = "UIInterfaceOrientationPortrait UIInterfaceOrientationPortraitUpsideDown UIInterfaceOrientationLandscapeLeft UIInterfaceOrientationLandscapeRight";
				INFOPLIST_KEY_UISupportedInterfaceOrientations_iPhone = "UIInterfaceOrientationPortrait UIInterfaceOrientationLandscapeLeft UIInterfaceOrientationLandscapeRight";
				IPHONEOS_DEPLOYMENT_TARGET = 15.0;
				LD_RUNPATH_SEARCH_PATHS = (
					"$(inherited)",
					"@executable_path/Frameworks",
				);
				MARKETING_VERSION = 1.0;
				PRODUCT_BUNDLE_IDENTIFIER = "PEPUL-TECH-PRIVATE-LIMITED.sdCollectionWebImage";
				PRODUCT_NAME = "$(TARGET_NAME)";
				SWIFT_EMIT_LOC_STRINGS = YES;
				SWIFT_VERSION = 5.0;
				TARGETED_DEVICE_FAMILY = "1,2";
			};
			name = Debug;
		};
		15CCB0A5299A813200951741 /* Release */ = {
			isa = XCBuildConfiguration;
			baseConfigurationReference = 4021D5DC55352C6181C9EE64 /* Pods-sdCollectionWebImage.release.xcconfig */;
			buildSettings = {
				ASSETCATALOG_COMPILER_APPICON_NAME = AppIcon;
				ASSETCATALOG_COMPILER_GLOBAL_ACCENT_COLOR_NAME = AccentColor;
				CODE_SIGN_STYLE = Automatic;
				CURRENT_PROJECT_VERSION = 1;
				DEVELOPMENT_TEAM = 37D4SXVKKL;
				GENERATE_INFOPLIST_FILE = YES;
				INFOPLIST_FILE = sdCollectionWebImage/Info.plist;
				INFOPLIST_KEY_UIApplicationSupportsIndirectInputEvents = YES;
				INFOPLIST_KEY_UILaunchStoryboardName = LaunchScreen;
				INFOPLIST_KEY_UIMainStoryboardFile = Main;
				INFOPLIST_KEY_UISupportedInterfaceOrientations_iPad = "UIInterfaceOrientationPortrait UIInterfaceOrientationPortraitUpsideDown UIInterfaceOrientationLandscapeLeft UIInterfaceOrientationLandscapeRight";
				INFOPLIST_KEY_UISupportedInterfaceOrientations_iPhone = "UIInterfaceOrientationPortrait UIInterfaceOrientationLandscapeLeft UIInterfaceOrientationLandscapeRight";
				IPHONEOS_DEPLOYMENT_TARGET = 15.0;
				LD_RUNPATH_SEARCH_PATHS = (
					"$(inherited)",
					"@executable_path/Frameworks",
				);
				MARKETING_VERSION = 1.0;
				PRODUCT_BUNDLE_IDENTIFIER = "PEPUL-TECH-PRIVATE-LIMITED.sdCollectionWebImage";
				PRODUCT_NAME = "$(TARGET_NAME)";
				SWIFT_EMIT_LOC_STRINGS = YES;
				SWIFT_VERSION = 5.0;
				TARGETED_DEVICE_FAMILY = "1,2";
			};
			name = Release;
		};
/* End XCBuildConfiguration section */

/* Begin XCConfigurationList section */
		15CCB08A299A813000951741 /* Build configuration list for PBXProject "sdCollectionWebImage" */ = {
			isa = XCConfigurationList;
			buildConfigurations = (
				15CCB0A1299A813200951741 /* Debug */,
				15CCB0A2299A813200951741 /* Release */,
			);
			defaultConfigurationIsVisible = 0;
			defaultConfigurationName = Release;
		};
		15CCB0A3299A813200951741 /* Build configuration list for PBXNativeTarget "sdCollectionWebImage" */ = {
			isa = XCConfigurationList;
			buildConfigurations = (
				15CCB0A4299A813200951741 /* Debug */,
				15CCB0A5299A813200951741 /* Release */,
			);
			defaultConfigurationIsVisible = 0;
			defaultConfigurationName = Release;
		};
/* End XCConfigurationList section */
	};
	rootObject = 15CCB087299A813000951741 /* Project object */;
}
